---
name: Lock

# yamllint disable-line rule:truthy
on:
  schedule:
    - cron: "0 9 * * *"
  workflow_dispatch:

permissions:
  issues: write
  pull-requests: write

jobs:
  workflows:
    uses: casse-boubou/ha-addon-workflows/.github/workflows/lock.yaml@adfb21c360f53273c5ad8e389f7e976a819d7e42 # main
